
Microsoft Visual Studio Solution File, Format Version 12.00
# Visual Studio Version 16
VisualStudioVersion = 16.0.29519.87
MinimumVisualStudioVersion = 10.0.40219.1
Project("{FAE04EC0-301F-11D3-BF4B-00C04F79EFBC}") = "RealStateWebAPI", "RealStateWebAPI\RealStateWebAPI.csproj", "{C29DCEEA-532F-47C7-B682-229884B54536}"
EndProject
Global
	GlobalSection(SolutionConfigurationPlatforms) = preSolution
		Debug|Any CPU = Debug|Any CPU
		Release|Any CPU = Release|Any CPU
	EndGlobalSection
	GlobalSection(ProjectConfigurationPlatforms) = postSolution
		{C29DCEEA-532F-47C7-B682-229884B54536}.Debug|Any CPU.ActiveCfg = Debug|Any CPU
		{C29DCEEA-532F-47C7-B682-229884B54536}.Debug|Any CPU.Build.0 = Debug|Any CPU
		{C29DCEEA-532F-47C7-B682-229884B54536}.Release|Any CPU.ActiveCfg = Release|Any CPU
		{C29DCEEA-532F-47C7-B682-229884B54536}.Release|Any CPU.Build.0 = Release|Any CPU
	EndGlobalSection
	GlobalSection(SolutionProperties) = preSolution
		HideSolutionNode = FALSE
	EndGlobalSection
	GlobalSection(ExtensibilityGlobals) = postSolution
		SolutionGuid = {5E4F99F1-E6DA-471E-9F11-0E8DC1C8C096}
	EndGlobalSection
EndGlobal
